
Microsoft Visual Studio Solution File, Format Version 12.00
# Visual Studio Version 17
VisualStudioVersion = 17.3.32901.215
MinimumVisualStudioVersion = 10.0.40219.1
Project("{FAE04EC0-301F-11D3-BF4B-00C04F79EFBC}") = "CoffeeShopProductList", "CoffeeShopProductList\CoffeeShopProductList.csproj", "{6EF4673B-C4B1-4819-A0D2-0E134A41B184}"
EndProject
Global
	GlobalSection(SolutionConfigurationPlatforms) = preSolution
		Debug|Any CPU = Debug|Any CPU
		Release|Any CPU = Release|Any CPU
	EndGlobalSection
	GlobalSection(ProjectConfigurationPlatforms) = postSolution
		{6EF4673B-C4B1-4819-A0D2-0E134A41B184}.Debug|Any CPU.ActiveCfg = Debug|Any CPU
		{6EF4673B-C4B1-4819-A0D2-0E134A41B184}.Debug|Any CPU.Build.0 = Debug|Any CPU
		{6EF4673B-C4B1-4819-A0D2-0E134A41B184}.Release|Any CPU.ActiveCfg = Release|Any CPU
		{6EF4673B-C4B1-4819-A0D2-0E134A41B184}.Release|Any CPU.Build.0 = Release|Any CPU
	EndGlobalSection
	GlobalSection(SolutionProperties) = preSolution
		HideSolutionNode = FALSE
	EndGlobalSection
	GlobalSection(ExtensibilityGlobals) = postSolution
		SolutionGuid = {1DEED819-DC0B-4EB2-99FB-6A90F439894B}
	EndGlobalSection
EndGlobal
